// !$*UTF8*$!
{
	archiveVersion = 1;
	classes = {
	};
	objectVersion = 46;
	objects = {

/* Begin PBXBuildFile section */
		8483EBD61EAEEC510094EA4E /* csv.swift in Sources */ = {isa = PBXBuildFile; fileRef = 8483EBD51EAEEC510094EA4E /* csv.swift */; };
		84C7680D1E9889B900F34D97 /* pokemon.csv in Resources */ = {isa = PBXBuildFile; fileRef = 84C7680C1E9889B900F34D97 /* pokemon.csv */; };
		84C768101E98A6E600F34D97 /* Pokemon.swift in Sources */ = {isa = PBXBuildFile; fileRef = 84C7680F1E98A6E600F34D97 /* Pokemon.swift */; };
		84C768131E998CA900F34D97 /* PokeCell.swift in Sources */ = {isa = PBXBuildFile; fileRef = 84C768121E998CA900F34D97 /* PokeCell.swift */; };
		84DAE8791E973CE700069668 /* AppDelegate.swift in Sources */ = {isa = PBXBuildFile; fileRef = 84DAE8781E973CE700069668 /* AppDelegate.swift */; };
		84DAE87B1E973CE700069668 /* ViewController.swift in Sources */ = {isa = PBXBuildFile; fileRef = 84DAE87A1E973CE700069668 /* ViewController.swift */; };
		84DAE87E1E973CE700069668 /* Main.storyboard in Resources */ = {isa = PBXBuildFile; fileRef = 84DAE87C1E973CE700069668 /* Main.storyboard */; };
		84DAE8801E973CE700069668 /* Assets.xcassets in Resources */ = {isa = PBXBuildFile; fileRef = 84DAE87F1E973CE700069668 /* Assets.xcassets */; };
		84DAE8831E973CE700069668 /* LaunchScreen.storyboard in Resources */ = {isa = PBXBuildFile; fileRef = 84DAE8811E973CE700069668 /* LaunchScreen.storyboard */; };
/* End PBXBuildFile section */

/* Begin PBXFileReference section */
		8483EBD51EAEEC510094EA4E /* csv.swift */ = {isa = PBXFileReference; fileEncoding = 4; lastKnownFileType = sourcecode.swift; path = csv.swift; sourceTree = "<group>"; };
		84C7680C1E9889B900F34D97 /* pokemon.csv */ = {isa = PBXFileReference; fileEncoding = 4; lastKnownFileType = text; path = pokemon.csv; sourceTree = "<group>"; };
		84C7680F1E98A6E600F34D97 /* Pokemon.swift */ = {isa = PBXFileReference; fileEncoding = 4; lastKnownFileType = sourcecode.swift; path = Pokemon.swift; sourceTree = "<group>"; };
		84C768121E998CA900F34D97 /* PokeCell.swift */ = {isa = PBXFileReference; fileEncoding = 4; lastKnownFileType = sourcecode.swift; path = PokeCell.swift; sourceTree = "<group>"; };
		84DAE8751E973CE700069668 /* POKEDEX.app */ = {isa = PBXFileReference; explicitFileType = wrapper.application; includeInIndex = 0; path = POKEDEX.app; sourceTree = BUILT_PRODUCTS_DIR; };
		84DAE8781E973CE700069668 /* AppDelegate.swift */ = {isa = PBXFileReference; lastKnownFileType = sourcecode.swift; path = AppDelegate.swift; sourceTree = "<group>"; };
		84DAE87A1E973CE700069668 /* ViewController.swift */ = {isa = PBXFileReference; lastKnownFileType = sourcecode.swift; path = ViewController.swift; sourceTree = "<group>"; };
		84DAE87D1E973CE700069668 /* Base */ = {isa = PBXFileReference; lastKnownFileType = file.storyboard; name = Base; path = Base.lproj/Main.storyboard; sourceTree = "<group>"; };
		84DAE87F1E973CE700069668 /* Assets.xcassets */ = {isa = PBXFileReference; lastKnownFileType = folder.assetcatalog; path = Assets.xcassets; sourceTree = "<group>"; };
		84DAE8821E973CE700069668 /* Base */ = {isa = PBXFileReference; lastKnownFileType = file.storyboard; name = Base; path = Base.lproj/LaunchScreen.storyboard; sourceTree = "<group>"; };
		84DAE8841E973CE700069668 /* Info.plist */ = {isa = PBXFileReference; lastKnownFileType = text.plist.xml; path = Info.plist; sourceTree = "<group>"; };
/* End PBXFileReference section */

/* Begin PBXFrameworksBuildPhase section */
		84DAE8721E973CE600069668 /* Frameworks */ = {
			isa = PBXFrameworksBuildPhase;
			buildActionMask = 2147483647;
			files = (
			);
			runOnlyForDeploymentPostprocessing = 0;
		};
/* End PBXFrameworksBuildPhase section */

/* Begin PBXGroup section */
		84C7680E1E98A6D000F34D97 /* Model */ = {
			isa = PBXGroup;
			children = (
				84C7680F1E98A6E600F34D97 /* Pokemon.swift */,
			);
			name = Model;
			sourceTree = "<group>";
		};
		84C768111E998C5C00F34D97 /* View */ = {
			isa = PBXGroup;
			children = (
				84C768121E998CA900F34D97 /* PokeCell.swift */,
			);
			name = View;
			sourceTree = "<group>";
		};
		84DAE86C1E973CE600069668 = {
			isa = PBXGroup;
			children = (
				84DAE8771E973CE700069668 /* POKEDEX */,
				84DAE8761E973CE700069668 /* Products */,
			);
			sourceTree = "<group>";
		};
		84DAE8761E973CE700069668 /* Products */ = {
			isa = PBXGroup;
			children = (
				84DAE8751E973CE700069668 /* POKEDEX.app */,
			);
			name = Products;
			sourceTree = "<group>";
		};
		84DAE8771E973CE700069668 /* POKEDEX */ = {
			isa = PBXGroup;
			children = (
				84C768111E998C5C00F34D97 /* View */,
				84C7680E1E98A6D000F34D97 /* Model */,
				84DAE8781E973CE700069668 /* AppDelegate.swift */,
				84DAE87A1E973CE700069668 /* ViewController.swift */,
				84DAE87C1E973CE700069668 /* Main.storyboard */,
				84DAE87F1E973CE700069668 /* Assets.xcassets */,
				8483EBD51EAEEC510094EA4E /* csv.swift */,
				84C7680C1E9889B900F34D97 /* pokemon.csv */,
				84DAE8811E973CE700069668 /* LaunchScreen.storyboard */,
				84DAE8841E973CE700069668 /* Info.plist */,
			);
			path = POKEDEX;
			sourceTree = "<group>";
		};
/* End PBXGroup section */

/* Begin PBXNativeTarget section */
		84DAE8741E973CE600069668 /* POKEDEX */ = {
			isa = PBXNativeTarget;
			buildConfigurationList = 84DAE8871E973CE700069668 /* Build configuration list for PBXNativeTarget "POKEDEX" */;
			buildPhases = (
				84DAE8711E973CE600069668 /* Sources */,
				84DAE8721E973CE600069668 /* Frameworks */,
				84DAE8731E973CE600069668 /* Resources */,
			);
			buildRules = (
			);
			dependencies = (
			);
			name = POKEDEX;
			productName = POKEDEX;
			productReference = 84DAE8751E973CE700069668 /* POKEDEX.app */;
			productType = "com.apple.product-type.application";
		};
/* End PBXNativeTarget section */

/* Begin PBXProject section */
		84DAE86D1E973CE600069668 /* Project object */ = {
			isa = PBXProject;
			attributes = {
				LastSwiftUpdateCheck = 0820;
				LastUpgradeCheck = 0820;
				ORGANIZATIONNAME = "Desarrollo App Wexford";
				TargetAttributes = {
					84DAE8741E973CE600069668 = {
						CreatedOnToolsVersion = 8.2;
						DevelopmentTeam = 8XA58BLP47;
						LastSwiftMigration = 0820;
						ProvisioningStyle = Automatic;
					};
				};
			};
			buildConfigurationList = 84DAE8701E973CE600069668 /* Build configuration list for PBXProject "POKEDEX" */;
			compatibilityVersion = "Xcode 3.2";
			developmentRegion = English;
			hasScannedForEncodings = 0;
			knownRegions = (
				en,
				Base,
			);
			mainGroup = 84DAE86C1E973CE600069668;
			productRefGroup = 84DAE8761E973CE700069668 /* Products */;
			projectDirPath = "";
			projectRoot = "";
			targets = (
				84DAE8741E973CE600069668 /* POKEDEX */,
			);
		};
/* End PBXProject section */

/* Begin PBXResourcesBuildPhase section */
		84DAE8731E973CE600069668 /* Resources */ = {
			isa = PBXResourcesBuildPhase;
			buildActionMask = 2147483647;
			files = (
				84DAE8831E973CE700069668 /* LaunchScreen.storyboard in Resources */,
				84DAE8801E973CE700069668 /* Assets.xcassets in Resources */,
				84C7680D1E9889B900F34D97 /* pokemon.csv in Resources */,
				84DAE87E1E973CE700069668 /* Main.storyboard in Resources */,
			);
			runOnlyForDeploymentPostprocessing = 0;
		};
/* End PBXResourcesBuildPhase section */

/* Begin PBXSourcesBuildPhase section */
		84DAE8711E973CE600069668 /* Sources */ = {
			isa = PBXSourcesBuildPhase;
			buildActionMask = 2147483647;
			files = (
				84C768131E998CA900F34D97 /* PokeCell.swift in Sources */,
				84DAE87B1E973CE700069668 /* ViewController.swift in Sources */,
				84DAE8791E973CE700069668 /* AppDelegate.swift in Sources */,
				84C768101E98A6E600F34D97 /* Pokemon.swift in Sources */,
				8483EBD61EAEEC510094EA4E /* csv.swift in Sources */,
			);
			runOnlyForDeploymentPostprocessing = 0;
		};
/* End PBXSourcesBuildPhase section */

/* Begin PBXVariantGroup section */
		84DAE87C1E973CE700069668 /* Main.storyboard */ = {
			isa = PBXVariantGroup;
			children = (
				84DAE87D1E973CE700069668 /* Base */,
			);
			name = Main.storyboard;
			sourceTree = "<group>";
		};
		84DAE8811E973CE700069668 /* LaunchScreen.storyboard */ = {
			isa = PBXVariantGroup;
			children = (
				84DAE8821E973CE700069668 /* Base */,
			);
			name = LaunchScreen.storyboard;
			sourceTree = "<group>";
		};
/* End PBXVariantGroup section */

/* Begin XCBuildConfiguration section */
		84DAE8851E973CE700069668 /* Debug */ = {
			isa = XCBuildConfiguration;
			buildSettings = {
				ALWAYS_SEARCH_USER_PATHS = NO;
				CLANG_ANALYZER_NONNULL = YES;
				CLANG_CXX_LANGUAGE_STANDARD = "gnu++0x";
				CLANG_CXX_LIBRARY = "libc++";
				CLANG_ENABLE_MODULES = YES;
				CLANG_ENABLE_OBJC_ARC = YES;
				CLANG_WARN_BOOL_CONVERSION = YES;
				CLANG_WARN_CONSTANT_CONVERSION = YES;
				CLANG_WARN_DIRECT_OBJC_ISA_USAGE = YES_ERROR;
				CLANG_WARN_DOCUMENTATION_COMMENTS = YES;
				CLANG_WARN_EMPTY_BODY = YES;
				CLANG_WARN_ENUM_CONVERSION = YES;
				CLANG_WARN_INFINITE_RECURSION = YES;
				CLANG_WARN_INT_CONVERSION = YES;
				CLANG_WARN_OBJC_ROOT_CLASS = YES_ERROR;
				CLANG_WARN_SUSPICIOUS_MOVE = YES;
				CLANG_WARN_UNREACHABLE_CODE = YES;
				CLANG_WARN__DUPLICATE_METHOD_MATCH = YES;
				"CODE_SIGN_IDENTITY[sdk=iphoneos*]" = "iPhone Developer";
				COPY_PHASE_STRIP = NO;
				DEBUG_INFORMATION_FORMAT = dwarf;
				ENABLE_STRICT_OBJC_MSGSEND = YES;
				ENABLE_TESTABILITY = YES;
				GCC_C_LANGUAGE_STANDARD = gnu99;
				GCC_DYNAMIC_NO_PIC = NO;
				GCC_NO_COMMON_BLOCKS = YES;
				GCC_OPTIMIZATION_LEVEL = 0;
				GCC_PREPROCESSOR_DEFINITIONS = (
					"DEBUG=1",
					"$(inherited)",
				);
				GCC_WARN_64_TO_32_BIT_CONVERSION = YES;
				GCC_WARN_ABOUT_RETURN_TYPE = YES_ERROR;
				GCC_WARN_UNDECLARED_SELECTOR = YES;
				GCC_WARN_UNINITIALIZED_AUTOS = YES_AGGRESSIVE;
				GCC_WARN_UNUSED_FUNCTION = YES;
				GCC_WARN_UNUSED_VARIABLE = YES;
				IPHONEOS_DEPLOYMENT_TARGET = 10.2;
				MTL_ENABLE_DEBUG_INFO = YES;
				ONLY_ACTIVE_ARCH = YES;
				SDKROOT = iphoneos;
				SWIFT_ACTIVE_COMPILATION_CONDITIONS = DEBUG;
				SWIFT_OPTIMIZATION_LEVEL = "-Onone";
			};
			name = Debug;
		};
		84DAE8861E973CE700069668 /* Release */ = {
			isa = XCBuildConfiguration;
			buildSettings = {
				ALWAYS_SEARCH_USER_PATHS = NO;
				CLANG_ANALYZER_NONNULL = YES;
				CLANG_CXX_LANGUAGE_STANDARD = "gnu++0x";
				CLANG_CXX_LIBRARY = "libc++";
				CLANG_ENABLE_MODULES = YES;
				CLANG_ENABLE_OBJC_ARC = YES;
				CLANG_WARN_BOOL_CONVERSION = YES;
				CLANG_WARN_CONSTANT_CONVERSION = YES;
				CLANG_WARN_DIRECT_OBJC_ISA_USAGE = YES_ERROR;
				CLANG_WARN_DOCUMENTATION_COMMENTS = YES;
				CLANG_WARN_EMPTY_BODY = YES;
				CLANG_WARN_ENUM_CONVERSION = YES;
				CLANG_WARN_INFINITE_RECURSION = YES;
				CLANG_WARN_INT_CONVERSION = YES;
				CLANG_WARN_OBJC_ROOT_CLASS = YES_ERROR;
				CLANG_WARN_SUSPICIOUS_MOVE = YES;
				CLANG_WARN_UNREACHABLE_CODE = YES;
				CLANG_WARN__DUPLICATE_METHOD_MATCH = YES;
				"CODE_SIGN_IDENTITY[sdk=iphoneos*]" = "iPhone Developer";
				COPY_PHASE_STRIP = NO;
				DEBUG_INFORMATION_FORMAT = "dwarf-with-dsym";
				ENABLE_NS_ASSERTIONS = NO;
				ENABLE_STRICT_OBJC_MSGSEND = YES;
				GCC_C_LANGUAGE_STANDARD = gnu99;
				GCC_NO_COMMON_BLOCKS = YES;
				GCC_WARN_64_TO_32_BIT_CONVERSION = YES;
				GCC_WARN_ABOUT_RETURN_TYPE = YES_ERROR;
				GCC_WARN_UNDECLARED_SELECTOR = YES;
				GCC_WARN_UNINITIALIZED_AUTOS = YES_AGGRESSIVE;
				GCC_WARN_UNUSED_FUNCTION = YES;
				GCC_WARN_UNUSED_VARIABLE = YES;
				IPHONEOS_DEPLOYMENT_TARGET = 10.2;
				MTL_ENABLE_DEBUG_INFO = NO;
				SDKROOT = iphoneos;
				SWIFT_OPTIMIZATION_LEVEL = "-Owholemodule";
				VALIDATE_PRODUCT = YES;
			};
			name = Release;
		};
		84DAE8881E973CE700069668 /* Debug */ = {
			isa = XCBuildConfiguration;
			buildSettings = {
				ASSETCATALOG_COMPILER_APPICON_NAME = AppIcon;
				DEVELOPMENT_TEAM = 8XA58BLP47;
				INFOPLIST_FILE = POKEDEX/Info.plist;
				LD_RUNPATH_SEARCH_PATHS = "$(inherited) @executable_path/Frameworks";
				PRODUCT_BUNDLE_IDENTIFIER = com.wexford.POKEDEX;
				PRODUCT_NAME = "$(TARGET_NAME)";
				SWIFT_VERSION = 3.0;
			};
			name = Debug;
		};
		84DAE8891E973CE700069668 /* Release */ = {
			isa = XCBuildConfiguration;
			buildSettings = {
				ASSETCATALOG_COMPILER_APPICON_NAME = AppIcon;
				DEVELOPMENT_TEAM = 8XA58BLP47;
				INFOPLIST_FILE = POKEDEX/Info.plist;
				LD_RUNPATH_SEARCH_PATHS = "$(inherited) @executable_path/Frameworks";
				PRODUCT_BUNDLE_IDENTIFIER = com.wexford.POKEDEX;
				PRODUCT_NAME = "$(TARGET_NAME)";
				SWIFT_VERSION = 3.0;
			};
			name = Release;
		};
/* End XCBuildConfiguration section */

/* Begin XCConfigurationList section */
		84DAE8701E973CE600069668 /* Build configuration list for PBXProject "POKEDEX" */ = {
			isa = XCConfigurationList;
			buildConfigurations = (
				84DAE8851E973CE700069668 /* Debug */,
				84DAE8861E973CE700069668 /* Release */,
			);
			defaultConfigurationIsVisible = 0;
			defaultConfigurationName = Release;
		};
		84DAE8871E973CE700069668 /* Build configuration list for PBXNativeTarget "POKEDEX" */ = {
			isa = XCConfigurationList;
			buildConfigurations = (
				84DAE8881E973CE700069668 /* Debug */,
				84DAE8891E973CE700069668 /* Release */,
			);
			defaultConfigurationIsVisible = 0;
			defaultConfigurationName = Release;
		};
/* End XCConfigurationList section */
	};
	rootObject = 84DAE86D1E973CE600069668 /* Project object */;
}
